# This file is automatically @generated by Wally.
# It is not intended for manual editing.
registry = "test"

[[package]]
name = "dialoguemaker/dialogue-client-types"
version = "0.1.0-patch-1"
dependencies = [["dialogue-server-types", "dialoguemaker/dialogue-server-types@0.1.0-patch-1"]]

[[package]]
name = "dialoguemaker/dialogue-content-fitter"
version = "0.1.0-patch-1"
dependencies = [["dialogue-content-fitter-types", "dialoguemaker/dialogue-content-fitter-types@0.1.0-patch-3"], ["effect-types", "dialoguemaker/effect-types@0.1.0-patch-3"]]

[[package]]
name = "dialoguemaker/dialogue-content-fitter-types"
version = "0.1.0-patch-3"
dependencies = [["effect-types", "dialoguemaker/effect-types@0.1.0-patch-3"]]

[[package]]
name = "dialoguemaker/dialogue-server-types"
version = "0.1.0-patch-1"
dependencies = [["dialogue-types", "dialoguemaker/dialogue-types@0.1.0-patch-2"]]

[[package]]
name = "dialoguemaker/dialogue-types"
version = "0.1.0-patch-2"
dependencies = [["effect-types", "dialoguemaker/effect-types@0.1.0-patch-3"]]

[[package]]
name = "dialoguemaker/effect-types"
version = "0.1.0-patch-3"
dependencies = [["react", "jsdotlua/react@17.2.1"]]

[[package]]
name = "dialoguemaker/theme-types"
version = "0.1.0-patch-1"
dependencies = [["dialogue-client-types", "dialoguemaker/dialogue-client-types@0.1.0-patch-1"], ["dialogue-server-types", "dialoguemaker/dialogue-server-types@0.1.0-patch-1"], ["dialogue-types", "dialoguemaker/dialogue-types@0.1.0-patch-2"], ["react", "jsdotlua/react@17.2.1"]]

[[package]]
name = "dialoguemaker/use-pages"
version = "0.1.0-patch-1"
dependencies = [["dialogue-content-fitter", "dialoguemaker/dialogue-content-fitter@0.1.0-patch-1"], ["dialogue-types", "dialoguemaker/dialogue-types@0.1.0-patch-2"], ["effect-types", "dialoguemaker/effect-types@0.1.0-patch-3"], ["react", "jsdotlua/react@17.2.1"], ["theme-types", "dialoguemaker/theme-types@0.1.0-patch-1"]]

[[package]]
name = "jsdotlua/boolean"
version = "1.2.7"
dependencies = [["number", "jsdotlua/number@1.2.7"]]

[[package]]
name = "jsdotlua/collections"
version = "1.2.7"
dependencies = [["es7-types", "jsdotlua/es7-types@1.2.7"], ["instance-of", "jsdotlua/instance-of@1.2.7"]]

[[package]]
name = "jsdotlua/console"
version = "1.2.7"
dependencies = [["collections", "jsdotlua/collections@1.2.7"]]

[[package]]
name = "jsdotlua/es7-types"
version = "1.2.7"
dependencies = []

[[package]]
name = "jsdotlua/instance-of"
version = "1.2.7"
dependencies = []

[[package]]
name = "jsdotlua/luau-polyfill"
version = "1.2.7"
dependencies = [["boolean", "jsdotlua/boolean@1.2.7"], ["collections", "jsdotlua/collections@1.2.7"], ["console", "jsdotlua/console@1.2.7"], ["es7-types", "jsdotlua/es7-types@1.2.7"], ["instance-of", "jsdotlua/instance-of@1.2.7"], ["math", "jsdotlua/math@1.2.7"], ["number", "jsdotlua/number@1.2.7"], ["string", "jsdotlua/string@1.2.7"], ["symbol-luau", "jsdotlua/symbol-luau@1.0.1"], ["timers", "jsdotlua/timers@1.2.7"]]

[[package]]
name = "jsdotlua/math"
version = "1.2.7"
dependencies = []

[[package]]
name = "jsdotlua/number"
version = "1.2.7"
dependencies = []

[[package]]
name = "jsdotlua/react"
version = "17.2.1"
dependencies = [["luau-polyfill", "jsdotlua/luau-polyfill@1.2.7"], ["shared", "jsdotlua/shared@17.2.1"]]

[[package]]
name = "jsdotlua/shared"
version = "17.2.1"
dependencies = [["luau-polyfill", "jsdotlua/luau-polyfill@1.2.7"]]

[[package]]
name = "jsdotlua/string"
version = "1.2.7"
dependencies = [["es7-types", "jsdotlua/es7-types@1.2.7"], ["number", "jsdotlua/number@1.2.7"]]

[[package]]
name = "jsdotlua/symbol-luau"
version = "1.0.1"
dependencies = []

[[package]]
name = "jsdotlua/timers"
version = "1.2.7"
dependencies = [["collections", "jsdotlua/collections@1.2.7"]]
